{
  "name": "backend",
  "lockfileVersion": 3,
  "requires": true,
  "packages": {
    "": {
      "dependencies": {
        "@hugeicons/react": "file:hugeicons-pro/core-stroke-rounded@hugeicons-pro/core-solid-rounded"
      }
    },
    "hugeicons-pro/core-stroke-rounded@hugeicons-pro/core-solid-rounded": {},
    "node_modules/@hugeicons/react": {
      "resolved": "hugeicons-pro/core-stroke-rounded@hugeicons-pro/core-solid-rounded",
      "link": true
    }
  }
}
