{
  "name": "mac",
  "lockfileVersion": 3,
  "requires": true,
  "packages": {
    "": {
      "dependencies": {
        "@hugeicons-pro/core-solid-rounded": "^4.1.4",
        "@hugeicons-pro/core-stroke-rounded": "^4.1.4"
      }
    },
    "node_modules/@hugeicons-pro/core-solid-rounded": {
      "version": "4.1.4",
      "resolved": "https://npm.hugeicons.com/@hugeicons-pro/core-solid-rounded/-/core-solid-rounded-4.1.4.tgz",
      "integrity": "sha512-EMqZRs40xg1S5zMReczNemKJDjLwMryDkX5wtaRnsF2auKlkUAqdP6JvB3B6Q7HLthAnDpUDVlReJvPkrXF0wA==",
      "license": "MIT"
    },
    "node_modules/@hugeicons-pro/core-stroke-rounded": {
      "version": "4.1.4",
      "resolved": "https://npm.hugeicons.com/@hugeicons-pro/core-stroke-rounded/-/core-stroke-rounded-4.1.4.tgz",
      "integrity": "sha512-8JK9MfygH25MDE/4GZfPwqIXYlT8zRi41D9tTAiJK8sh1GxiStNriEolcOHW76fpZsWu0tsN/mMNw+fvEAfnhA==",
      "license": "MIT"
    }
  }
}
